# This file is autogenerated, do not edit; changes may be undone by the next 'dep ensure'.


[[projects]]
  branch = "master"
  name = "github.com/mattn/go-runewidth"
  packages = ["."]
  revision = "ce7b0b5c7b45a81508558cd1dba6bb1e4ddb51bb"

[[projects]]
  branch = "master"
  name = "github.com/nsf/termbox-go"
  packages = ["."]
  revision = "5c94acc5e6eb520f1bcd183974e01171cc4c23b3"

[solve-meta]
  analyzer-name = "dep"
  analyzer-version = 1
  inputs-digest = "8508b73787d4948edb76ccc25789c311a4ab84d4c8c0b96b267857e2e88d974e"
  solver-name = "gps-cdcl"
  solver-version = 1
